
Microsoft Visual Studio Solution File, Format Version 12.00
# Visual Studio Version 16
VisualStudioVersion = 16.0.29215.179
MinimumVisualStudioVersion = 10.0.40219.1
Project("{8BC9CEB8-8B4A-11D0-8D11-00A0C91BC942}") = "Task01Project", "Task01Project\Task01Project.vcxproj", "{D4E47FB4-3403-404D-BBF8-181C3BA8BDEE}"
EndProject
Project("{8BC9CEB8-8B4A-11D0-8D11-00A0C91BC942}") = "Task02Project", "Task02Project\Task02Project.vcxproj", "{63627806-3162-4D1C-AE43-D7D36E22A468}"
EndProject
Project("{8BC9CEB8-8B4A-11D0-8D11-00A0C91BC942}") = "Task03Project", "Task03Project\Task03Project.vcxproj", "{BF0407EC-60A4-4267-9291-7949198989AE}"
EndProject
Global
	GlobalSection(SolutionConfigurationPlatforms) = preSolution
		Debug|x64 = Debug|x64
		Debug|x86 = Debug|x86
		Release|x64 = Release|x64
		Release|x86 = Release|x86
	EndGlobalSection
	GlobalSection(ProjectConfigurationPlatforms) = postSolution
		{D4E47FB4-3403-404D-BBF8-181C3BA8BDEE}.Debug|x64.ActiveCfg = Debug|x64
		{D4E47FB4-3403-404D-BBF8-181C3BA8BDEE}.Debug|x64.Build.0 = Debug|x64
		{D4E47FB4-3403-404D-BBF8-181C3BA8BDEE}.Debug|x86.ActiveCfg = Debug|Win32
		{D4E47FB4-3403-404D-BBF8-181C3BA8BDEE}.Debug|x86.Build.0 = Debug|Win32
		{D4E47FB4-3403-404D-BBF8-181C3BA8BDEE}.Release|x64.ActiveCfg = Release|x64
		{D4E47FB4-3403-404D-BBF8-181C3BA8BDEE}.Release|x64.Build.0 = Release|x64
		{D4E47FB4-3403-404D-BBF8-181C3BA8BDEE}.Release|x86.ActiveCfg = Release|Win32
		{D4E47FB4-3403-404D-BBF8-181C3BA8BDEE}.Release|x86.Build.0 = Release|Win32
		{63627806-3162-4D1C-AE43-D7D36E22A468}.Debug|x64.ActiveCfg = Debug|x64
		{63627806-3162-4D1C-AE43-D7D36E22A468}.Debug|x64.Build.0 = Debug|x64
		{63627806-3162-4D1C-AE43-D7D36E22A468}.Debug|x86.ActiveCfg = Debug|Win32
		{63627806-3162-4D1C-AE43-D7D36E22A468}.Debug|x86.Build.0 = Debug|Win32
		{63627806-3162-4D1C-AE43-D7D36E22A468}.Release|x64.ActiveCfg = Release|x64
		{63627806-3162-4D1C-AE43-D7D36E22A468}.Release|x64.Build.0 = Release|x64
		{63627806-3162-4D1C-AE43-D7D36E22A468}.Release|x86.ActiveCfg = Release|Win32
		{63627806-3162-4D1C-AE43-D7D36E22A468}.Release|x86.Build.0 = Release|Win32
		{BF0407EC-60A4-4267-9291-7949198989AE}.Debug|x64.ActiveCfg = Debug|x64
		{BF0407EC-60A4-4267-9291-7949198989AE}.Debug|x64.Build.0 = Debug|x64
		{BF0407EC-60A4-4267-9291-7949198989AE}.Debug|x86.ActiveCfg = Debug|Win32
		{BF0407EC-60A4-4267-9291-7949198989AE}.Debug|x86.Build.0 = Debug|Win32
		{BF0407EC-60A4-4267-9291-7949198989AE}.Release|x64.ActiveCfg = Release|x64
		{BF0407EC-60A4-4267-9291-7949198989AE}.Release|x64.Build.0 = Release|x64
		{BF0407EC-60A4-4267-9291-7949198989AE}.Release|x86.ActiveCfg = Release|Win32
		{BF0407EC-60A4-4267-9291-7949198989AE}.Release|x86.Build.0 = Release|Win32
	EndGlobalSection
	GlobalSection(SolutionProperties) = preSolution
		HideSolutionNode = FALSE
	EndGlobalSection
	GlobalSection(ExtensibilityGlobals) = postSolution
		SolutionGuid = {D0356E23-9F71-47AC-A42D-213C02B2C6FD}
	EndGlobalSection
EndGlobal
